<?xml version="1.0" encoding="utf-8"?>
<Project ToolsVersion="4.0" xmlns="http://schemas.microsoft.com/developer/msbuild/2003">
  <ItemGroup>
    <Filter Include="源文件">
      <UniqueIdentifier>{4FC737F1-C7A5-4376-A066-2A32D752A2FF}</UniqueIdentifier>
      <Extensions>cpp;c;cc;cxx;c++;cppm;ixx;def;odl;idl;hpj;bat;asm;asmx</Extensions>
    </Filter>
    <Filter Include="头文件">
      <UniqueIdentifier>{93995380-89BD-4b04-88EB-625FBE52EBFB}</UniqueIdentifier>
      <Extensions>h;hh;hpp;hxx;h++;hm;inl;inc;ipp;xsd</Extensions>
    </Filter>
    <Filter Include="资源文件">
      <UniqueIdentifier>{67DA6AB6-F800-4c08-8B7A-83BB121AAD01}</UniqueIdentifier>
      <Extensions>rc;ico;cur;bmp;dlg;rc2;rct;bin;rgs;gif;jpg;jpeg;jpe;resx;tiff;tif;png;wav;mfcribbon-ms</Extensions>
    </Filter>
  </ItemGroup>
  <ItemGroup>
    <ClCompile Include="src\Main.cpp">
      <Filter>源文件</Filter>
    </ClCompile>
    <ClCompile Include="src\Bootstrap.cpp">
      <Filter>源文件</Filter>
    </ClCompile>
    <ClCompile Include="src\base\Younkoo.cpp">
      <Filter>源文件</Filter>
    </ClCompile>
    <ClCompile Include="src\utils\Singleton.hpp">
      <Filter>源文件</Filter>
    </ClCompile>
    <ClCompile Include="src\utils\Structs.hpp">
      <Filter>源文件</Filter>
    </ClCompile>
    <ClCompile Include="src\utils\Misc.cpp">
      <Filter>源文件</Filter>
    </ClCompile>
    <ClCompile Include="src\base\jvm\JVM.cpp">
      <Filter>源文件</Filter>
    </ClCompile>
    <ClCompile Include="src\base\jvm\jni\Wrapper.hpp">
      <Filter>源文件</Filter>
    </ClCompile>
    <ClCompile Include="src\base\sdk\SDK.hpp">
      <Filter>源文件</Filter>
    </ClCompile>
    <ClCompile Include="src\base\jvm\jni\types\ObjectWrapper.hpp">
      <Filter>头文件</Filter>
    </ClCompile>
    <ClCompile Include="src\base\jvm\jni\types\Array.hpp">
      <Filter>头文件</Filter>
    </ClCompile>
    <ClCompile Include="src\base\jvm\jni\types\Env.hpp">
      <Filter>头文件</Filter>
    </ClCompile>
    <ClCompile Include="src\base\jvm\jni\types\Field.hpp">
      <Filter>头文件</Filter>
    </ClCompile>
    <ClCompile Include="src\base\jvm\jni\types\Klass.hpp">
      <Filter>头文件</Filter>
    </ClCompile>
    <ClCompile Include="src\base\jvm\jni\types\Method.hpp">
      <Filter>头文件</Filter>
    </ClCompile>
    <ClCompile Include="src\base\jvm\jni\types\Misc.hpp">
      <Filter>头文件</Filter>
    </ClCompile>
    <ClCompile Include="src\base\render\hooks\OpenGLHook.cpp">
      <Filter>源文件</Filter>
    </ClCompile>
    <ClCompile Include="src\base\render\Renderer.cpp">
      <Filter>源文件</Filter>
    </ClCompile>
    <ClCompile Include="ext\nanovg\nanovg.c">
      <Filter>源文件</Filter>
    </ClCompile>
    <ClCompile Include="src\base\render\hooks\WndProcHook.cpp">
      <Filter>源文件</Filter>
    </ClCompile>
    <ClCompile Include="src\base\render\nano\NanovgHelper.cpp">
      <Filter>源文件</Filter>
    </ClCompile>
    <ClCompile Include="src\base\features\modules\ModuleManager.cpp">
      <Filter>源文件</Filter>
    </ClCompile>
    <ClCompile Include="src\base\features\modules\AbstractModule.cpp">
      <Filter>源文件</Filter>
    </ClCompile>
    <ClCompile Include="src\base\render\gui\input\Context.cpp">
      <Filter>源文件</Filter>
    </ClCompile>
    <ClCompile Include="src\base\render\gui\input\IOEvents.cpp">
      <Filter>源文件</Filter>
    </ClCompile>
    <ClCompile Include="src\base\sdk\mapper\SRGParser.cpp">
      <Filter>源文件</Filter>
    </ClCompile>
    <ClCompile Include="src\base\features\modules\visual\HUD.cpp">
      <Filter>源文件</Filter>
    </ClCompile>
    <ClCompile Include="src\base\render\gui\nanogui\Button.cpp">
      <Filter>源文件</Filter>
    </ClCompile>
    <ClCompile Include="src\base\render\gui\nanogui\CheckBox.cpp">
      <Filter>源文件</Filter>
    </ClCompile>
    <ClCompile Include="src\base\render\gui\nanogui\ColorPicker.cpp">
      <Filter>源文件</Filter>
    </ClCompile>
    <ClCompile Include="src\base\render\gui\nanogui\ColorWheel.cpp">
      <Filter>源文件</Filter>
    </ClCompile>
    <ClCompile Include="src\base\render\gui\nanogui\ComboBox.cpp">
      <Filter>源文件</Filter>
    </ClCompile>
    <ClCompile Include="src\base\render\gui\nanogui\Common.cpp">
      <Filter>源文件</Filter>
    </ClCompile>
    <ClCompile Include="src\base\render\gui\nanogui\GLCanvas.cpp">
      <Filter>源文件</Filter>
    </ClCompile>
    <ClCompile Include="src\base\render\gui\nanogui\GLUtils.cpp">
      <Filter>源文件</Filter>
    </ClCompile>
    <ClCompile Include="src\base\render\gui\nanogui\Graph.cpp">
      <Filter>源文件</Filter>
    </ClCompile>
    <ClCompile Include="src\base\render\gui\nanogui\ImagePanel.cpp">
      <Filter>源文件</Filter>
    </ClCompile>
    <ClCompile Include="src\base\render\gui\nanogui\ImageView.cpp">
      <Filter>源文件</Filter>
    </ClCompile>
    <ClCompile Include="src\base\render\gui\nanogui\Label.cpp">
      <Filter>源文件</Filter>
    </ClCompile>
    <ClCompile Include="src\base\render\gui\nanogui\Layout.cpp">
      <Filter>源文件</Filter>
    </ClCompile>
    <ClCompile Include="src\base\render\gui\nanogui\MessageDialog.cpp">
      <Filter>源文件</Filter>
    </ClCompile>
    <ClCompile Include="src\base\render\gui\nanogui\Popup.cpp">
      <Filter>源文件</Filter>
    </ClCompile>
    <ClCompile Include="src\base\render\gui\nanogui\PopupButton.cpp">
      <Filter>源文件</Filter>
    </ClCompile>
    <ClCompile Include="src\base\render\gui\nanogui\ProgressBar.cpp">
      <Filter>源文件</Filter>
    </ClCompile>
    <ClCompile Include="src\base\render\gui\nanogui\Screen.cpp">
      <Filter>源文件</Filter>
    </ClCompile>
    <ClCompile Include="src\base\render\gui\nanogui\Slider.cpp">
      <Filter>源文件</Filter>
    </ClCompile>
    <ClCompile Include="src\base\render\gui\nanogui\StackedWidget.cpp">
      <Filter>源文件</Filter>
    </ClCompile>
    <ClCompile Include="src\base\render\gui\nanogui\TabHeader.cpp">
      <Filter>源文件</Filter>
    </ClCompile>
    <ClCompile Include="src\base\render\gui\nanogui\TabWidget.cpp">
      <Filter>源文件</Filter>
    </ClCompile>
    <ClCompile Include="src\base\render\gui\nanogui\TextBox.cpp">
      <Filter>源文件</Filter>
    </ClCompile>
    <ClCompile Include="src\base\render\gui\nanogui\Theme.cpp">
      <Filter>源文件</Filter>
    </ClCompile>
    <ClCompile Include="src\base\render\gui\nanogui\VScrollPanel.cpp">
      <Filter>源文件</Filter>
    </ClCompile>
    <ClCompile Include="src\base\render\gui\nanogui\Widget.cpp">
      <Filter>源文件</Filter>
    </ClCompile>
    <ClCompile Include="src\base\render\gui\nanogui\Window.cpp">
      <Filter>源文件</Filter>
    </ClCompile>
    <ClCompile Include="src\base\render\gui\nanogui\serializer.cpp">
      <Filter>源文件</Filter>
    </ClCompile>
    <ClCompile Include="src\base\features\modules\combat\AutoClicker.cpp">
      <Filter>源文件</Filter>
    </ClCompile>
    <ClCompile Include="src\base\render\gui\GUI.cpp">
      <Filter>源文件</Filter>
    </ClCompile>
    <ClCompile Include="src\base\features\modules\combat\Velocity.cpp">
      <Filter>源文件</Filter>
    </ClCompile>
    <ClCompile Include="src\base\features\modules\combat\KillAura.cpp">
      <Filter>源文件</Filter>
    </ClCompile>
    <ClCompile Include="src\base\features\modules\player\FastPlace.cpp">
      <Filter>源文件</Filter>
    </ClCompile>
    <ClCompile Include="src\base\features\modules\player\Eagle.cpp">
      <Filter>源文件</Filter>
    </ClCompile>
    <ClCompile Include="src\base\features\modules\player\Team.cpp">
      <Filter>源文件</Filter>
    </ClCompile>
    <ClCompile Include="src\base\features\modules\player\AntiBot.cpp">
      <Filter>源文件</Filter>
    </ClCompile>
    <ClCompile Include="src\base\features\modules\visual\ESP.cpp">
      <Filter>源文件</Filter>
    </ClCompile>
    <ClCompile Include="src\base\features\modules\combat\AimAssist.cpp">
      <Filter>源文件</Filter>
    </ClCompile>
    <ClCompile Include="src\base\render\gui\clickgui\component\Component.cpp">
      <Filter>源文件</Filter>
    </ClCompile>
    <ClCompile Include="src\base\render\gui\clickgui\component\impl\PanelComponent.cpp">
      <Filter>源文件</Filter>
    </ClCompile>
    <ClCompile Include="src\base\render\gui\clickgui\NewClickGui.cpp">
      <Filter>源文件</Filter>
    </ClCompile>
    <ClCompile Include="src\base\render\gui\clickgui\component\impl\ModuleComponent.cpp">
      <Filter>源文件</Filter>
    </ClCompile>
    <ClCompile Include="src\base\render\gui\clickgui\component\impl\settings\ValueComponent.cpp">
      <Filter>源文件</Filter>
    </ClCompile>
    <ClCompile Include="src\base\render\gui\clickgui\component\impl\settings\impl\BooleanValueComponent.cpp">
      <Filter>源文件</Filter>
    </ClCompile>
    <ClCompile Include="src\base\render\gui\api\ScrollComponent.cpp">
      <Filter>源文件</Filter>
    </ClCompile>
    <ClCompile Include="src\utils\animation\simple\SimpleAnimation.cpp">
      <Filter>源文件</Filter>
    </ClCompile>
    <ClCompile Include="src\base\render\nano\font\NanoVGFontRenderer.cpp">
      <Filter>源文件</Filter>
    </ClCompile>
    <ClCompile Include="src\utils\Pattern.cpp">
      <Filter>源文件</Filter>
    </ClCompile>
    <ClCompile Include="src\base\cleaner\UnloadedModuleCleaner.cpp">
      <Filter>源文件</Filter>
    </ClCompile>
    <ClCompile Include="src\utils\Wstr.cpp">
      <Filter>源文件</Filter>
    </ClCompile>
    <ClCompile Include="src\base\render\nano\wrapper\gl2.cpp">
      <Filter>源文件</Filter>
    </ClCompile>
    <ClCompile Include="src\base\render\nano\wrapper\gl3.cpp">
      <Filter>源文件</Filter>
    </ClCompile>
    <ClCompile Include="src\base\sdk\wrapper\net\minecraft\client\Minecraft.cpp">
      <Filter>源文件</Filter>
    </ClCompile>
    <ClCompile Include="src\base\sdk\wrapper\net\minecraft\util\MovingObjectPosition.cpp">
      <Filter>源文件</Filter>
    </ClCompile>
    <ClCompile Include="src\base\sdk\wrapper\Object.cpp">
      <Filter>源文件</Filter>
    </ClCompile>
    <ClCompile Include="src\base\features\modules\combat\TriggerBot.cpp">
      <Filter>源文件</Filter>
    </ClCompile>
    <ClCompile Include="src\base\sdk\wrapper\net\minecraft\world\World.cpp">
      <Filter>源文件</Filter>
    </ClCompile>
    <ClCompile Include="src\base\sdk\wrapper\net\minecraft\entity\Entity.cpp">
      <Filter>源文件</Filter>
    </ClCompile>
    <ClCompile Include="src\base\sdk\wrapper\net\minecraft\entity\player\EntityPlayer.cpp">
      <Filter>源文件</Filter>
    </ClCompile>
    <ClCompile Include="src\base\sdk\wrapper\net\minecraft\entity\EntityLivingBase.cpp">
      <Filter>源文件</Filter>
    </ClCompile>
    <ClCompile Include="src\base\sdk\wrapper\net\minecraft\client\entity\EntityPlayerSP.cpp">
      <Filter>源文件</Filter>
    </ClCompile>
    <ClCompile Include="src\base\jvm\hotspot\classes\array.cpp">
      <Filter>源文件</Filter>
    </ClCompile>
    <ClCompile Include="src\base\jvm\hotspot\classes\bytecode.cpp">
      <Filter>源文件</Filter>
    </ClCompile>
    <ClCompile Include="src\base\jvm\hotspot\classes\const_pool.cpp">
      <Filter>源文件</Filter>
    </ClCompile>
    <ClCompile Include="src\base\jvm\hotspot\classes\field_info.cpp">
      <Filter>源文件</Filter>
    </ClCompile>
    <ClCompile Include="src\base\jvm\hotspot\classes\java_thread.cpp">
      <Filter>源文件</Filter>
    </ClCompile>
    <ClCompile Include="src\base\jvm\hotspot\classes\klass.cpp">
      <Filter>源文件</Filter>
    </ClCompile>
    <ClCompile Include="src\base\jvm\hotspot\classes\method.cpp">
      <Filter>源文件</Filter>
    </ClCompile>
    <ClCompile Include="src\base\jvm\hotspot\classes\symbol.cpp">
      <Filter>源文件</Filter>
    </ClCompile>
    <ClCompile Include="src\base\jvm\hotspot\utility\jvm_internal.cpp">
      <Filter>源文件</Filter>
    </ClCompile>
    <ClCompile Include="src\base\jvm\hotspot\utility\jvm_static.cpp">
      <Filter>源文件</Filter>
    </ClCompile>
    <ClCompile Include="src\base\jvm\hotspot\utility\vm_helper.cpp">
      <Filter>源文件</Filter>
    </ClCompile>
    <ClCompile Include="src\base\jvm\hotspot\java_hook.cpp">
      <Filter>源文件</Filter>
    </ClCompile>
    <ClCompile Include="src\base\jvm\hotspot\break\break_point_info.cpp">
      <Filter>源文件</Filter>
    </ClCompile>
    <ClCompile Include="src\base\jvm\hotspot\break\jvm_break_points.cpp">
      <Filter>源文件</Filter>
    </ClCompile>
    <ClCompile Include="src\base\jvm\hotspot\classes\compile_task.cpp">
      <Filter>源文件</Filter>
    </ClCompile>
    <ClCompile Include="src\base\jvm\hotspot\classes\local_variable_table.cpp">
      <Filter>源文件</Filter>
    </ClCompile>
    <ClCompile Include="src\utils\types\details\WorldToScreen.cpp">
      <Filter>源文件</Filter>
    </ClCompile>
    <ClCompile Include="src\base\sdk\hook\hooks\RenderSystemHook.cpp">
      <Filter>源文件</Filter>
    </ClCompile>
    <ClCompile Include="src\base\features\modules\visual\NameTag.cpp">
      <Filter>源文件</Filter>
    </ClCompile>
    <ClCompile Include="ext\StackWalk\StackWalker.cpp">
      <Filter>源文件</Filter>
    </ClCompile>
    <ClCompile Include="src\base\features\modules\common\CommonData.cpp">
      <Filter>源文件</Filter>
    </ClCompile>
    <ClCompile Include="src\base\sdk\wrapper\net\minecraft\client\settings\GameSettings.cpp">
      <Filter>源文件</Filter>
    </ClCompile>
  </ItemGroup>
  <ItemGroup>
    <ClInclude Include="src\Main.hpp">
      <Filter>头文件</Filter>
    </ClInclude>
    <ClInclude Include="src\base\Younkoo.hpp">
      <Filter>头文件</Filter>
    </ClInclude>
    <ClInclude Include="src\utils\Misc.hpp">
      <Filter>头文件</Filter>
    </ClInclude>
    <ClInclude Include="src\base\jvm\JVM.hpp">
      <Filter>头文件</Filter>
    </ClInclude>
    <ClInclude Include="src\base\render\hooks\OpenGLHook.hpp">
      <Filter>头文件</Filter>
    </ClInclude>
    <ClInclude Include="ext\nanovg\nanovg.h">
      <Filter>头文件</Filter>
    </ClInclude>
    <ClInclude Include="ext\nanovg\nanovg_gl.h">
      <Filter>头文件</Filter>
    </ClInclude>
    <ClInclude Include="ext\nanovg\nanovg_gl_utils.h">
      <Filter>头文件</Filter>
    </ClInclude>
    <ClInclude Include="ext\titan_hook.h">
      <Filter>头文件</Filter>
    </ClInclude>
    <ClInclude Include="src\base\render\Renderer.hpp">
      <Filter>头文件</Filter>
    </ClInclude>
    <ClInclude Include="ext\lazy_importer.hpp">
      <Filter>头文件</Filter>
    </ClInclude>
    <ClInclude Include="ext\nanovg\fontstash.h">
      <Filter>头文件</Filter>
    </ClInclude>
    <ClInclude Include="ext\nanovg\stb_image.h">
      <Filter>头文件</Filter>
    </ClInclude>
    <ClInclude Include="ext\nanovg\stb_truetype.h">
      <Filter>头文件</Filter>
    </ClInclude>
    <ClInclude Include="src\base\render\hooks\WndProcHook.hpp">
      <Filter>头文件</Filter>
    </ClInclude>
    <ClInclude Include="src\base\render\nano\NanovgHelper.hpp">
      <Filter>头文件</Filter>
    </ClInclude>
    <ClInclude Include="src\base\features\modules\ModuleManager.hpp">
      <Filter>头文件</Filter>
    </ClInclude>
    <ClInclude Include="src\base\features\modules\AbstractModule.h">
      <Filter>头文件</Filter>
    </ClInclude>
    <ClInclude Include="src\base\features\values\Value.h">
      <Filter>头文件</Filter>
    </ClInclude>
    <ClInclude Include="src\base\render\gui\input\Context.hpp">
      <Filter>头文件</Filter>
    </ClInclude>
    <ClInclude Include="src\utils\types\Maths.hpp">
      <Filter>头文件</Filter>
    </ClInclude>
    <ClInclude Include="src\base\render\resources\fonts\harmony_sc_light.h">
      <Filter>头文件</Filter>
    </ClInclude>
    <ClInclude Include="src\base\render\resources\fonts\harmony_sc_regular.h">
      <Filter>头文件</Filter>
    </ClInclude>
    <ClInclude Include="src\base\sdk\mapper\resources\maps\forge189.h">
      <Filter>头文件</Filter>
    </ClInclude>
    <ClInclude Include="src\base\sdk\mapper\resources\maps\forge1181.h">
      <Filter>头文件</Filter>
    </ClInclude>
    <ClInclude Include="src\base\sdk\mapper\resources\maps\vanilla189.h">
      <Filter>头文件</Filter>
    </ClInclude>
    <ClInclude Include="src\base\sdk\mapper\SRGParser.h">
      <Filter>头文件</Filter>
    </ClInclude>
    <ClInclude Include="src\base\sdk\Mapper\resources\maps\forge112.h">
      <Filter>头文件</Filter>
    </ClInclude>
    <ClInclude Include="src\base\sdk\Mapper\resources\maps\vanilla112.h">
      <Filter>头文件</Filter>
    </ClInclude>
    <ClInclude Include="src\base\features\modules\visual\HUD.h">
      <Filter>头文件</Filter>
    </ClInclude>
    <ClInclude Include="src\base\features\modules\ModuleManager.h">
      <Filter>头文件</Filter>
    </ClInclude>
    <ClInclude Include="src\base\event\EventBus.hpp">
      <Filter>头文件</Filter>
    </ClInclude>
    <ClInclude Include="src\base\event\Events.h">
      <Filter>头文件</Filter>
    </ClInclude>
    <ClInclude Include="src\utils\function_traits.hpp">
      <Filter>头文件</Filter>
    </ClInclude>
    <ClInclude Include="src\base\render\gui\nanogui\serializer\core.h">
      <Filter>头文件</Filter>
    </ClInclude>
    <ClInclude Include="src\base\render\gui\nanogui\serializer\opengl.h">
      <Filter>头文件</Filter>
    </ClInclude>
    <ClInclude Include="src\base\render\gui\nanogui\serializer\sparse.h">
      <Filter>头文件</Filter>
    </ClInclude>
    <ClInclude Include="src\base\render\gui\nanogui\Button.h">
      <Filter>头文件</Filter>
    </ClInclude>
    <ClInclude Include="src\base\render\gui\nanogui\CheckBox.h">
      <Filter>头文件</Filter>
    </ClInclude>
    <ClInclude Include="src\base\render\gui\nanogui\ColorPicker.h">
      <Filter>头文件</Filter>
    </ClInclude>
    <ClInclude Include="src\base\render\gui\nanogui\ColorWheel.h">
      <Filter>头文件</Filter>
    </ClInclude>
    <ClInclude Include="src\base\render\gui\nanogui\ComboBox.h">
      <Filter>头文件</Filter>
    </ClInclude>
    <ClInclude Include="src\base\render\gui\nanogui\Common.h">
      <Filter>头文件</Filter>
    </ClInclude>
    <ClInclude Include="src\base\render\gui\nanogui\Entypo.h">
      <Filter>头文件</Filter>
    </ClInclude>
    <ClInclude Include="src\base\render\gui\nanogui\FormHelper.h">
      <Filter>头文件</Filter>
    </ClInclude>
    <ClInclude Include="src\base\render\gui\nanogui\GLCanvas.h">
      <Filter>头文件</Filter>
    </ClInclude>
    <ClInclude Include="src\base\render\gui\nanogui\GLUtils.h">
      <Filter>头文件</Filter>
    </ClInclude>
    <ClInclude Include="src\base\render\gui\nanogui\Graph.h">
      <Filter>头文件</Filter>
    </ClInclude>
    <ClInclude Include="src\base\render\gui\nanogui\ImagePanel.h">
      <Filter>头文件</Filter>
    </ClInclude>
    <ClInclude Include="src\base\render\gui\nanogui\ImageView.h">
      <Filter>头文件</Filter>
    </ClInclude>
    <ClInclude Include="src\base\render\gui\nanogui\Label.h">
      <Filter>头文件</Filter>
    </ClInclude>
    <ClInclude Include="src\base\render\gui\nanogui\Layout.h">
      <Filter>头文件</Filter>
    </ClInclude>
    <ClInclude Include="src\base\render\gui\nanogui\MessageDialog.h">
      <Filter>头文件</Filter>
    </ClInclude>
    <ClInclude Include="src\base\render\gui\nanogui\Object.h">
      <Filter>头文件</Filter>
    </ClInclude>
    <ClInclude Include="src\base\render\gui\nanogui\OpenGL.h">
      <Filter>头文件</Filter>
    </ClInclude>
    <ClInclude Include="src\base\render\gui\nanogui\Popup.h">
      <Filter>头文件</Filter>
    </ClInclude>
    <ClInclude Include="src\base\render\gui\nanogui\PopupButton.h">
      <Filter>头文件</Filter>
    </ClInclude>
    <ClInclude Include="src\base\render\gui\nanogui\ProgressBar.h">
      <Filter>头文件</Filter>
    </ClInclude>
    <ClInclude Include="src\base\render\gui\nanogui\Screen.h">
      <Filter>头文件</Filter>
    </ClInclude>
    <ClInclude Include="src\base\render\gui\nanogui\Slider.h">
      <Filter>头文件</Filter>
    </ClInclude>
    <ClInclude Include="src\base\render\gui\nanogui\StackedWidget.h">
      <Filter>头文件</Filter>
    </ClInclude>
    <ClInclude Include="src\base\render\gui\nanogui\TabHeader.h">
      <Filter>头文件</Filter>
    </ClInclude>
    <ClInclude Include="src\base\render\gui\nanogui\TabWidget.h">
      <Filter>头文件</Filter>
    </ClInclude>
    <ClInclude Include="src\base\render\gui\nanogui\TextBox.h">
      <Filter>头文件</Filter>
    </ClInclude>
    <ClInclude Include="src\base\render\gui\nanogui\Theme.h">
      <Filter>头文件</Filter>
    </ClInclude>
    <ClInclude Include="src\base\render\gui\nanogui\ToolButton.h">
      <Filter>头文件</Filter>
    </ClInclude>
    <ClInclude Include="src\base\render\gui\nanogui\VScrollPanel.h">
      <Filter>头文件</Filter>
    </ClInclude>
    <ClInclude Include="src\base\render\gui\nanogui\Widget.h">
      <Filter>头文件</Filter>
    </ClInclude>
    <ClInclude Include="src\base\render\gui\nanogui\Window.h">
      <Filter>头文件</Filter>
    </ClInclude>
    <ClInclude Include="src\base\render\resources\fonts\harmony_sc_bold.h">
      <Filter>头文件</Filter>
    </ClInclude>
    <ClInclude Include="src\base\render\resources\fonts\entypo.h">
      <Filter>头文件</Filter>
    </ClInclude>
    <ClInclude Include="src\base\sdk\wrapper\net\minecraft\client\Minecraft.h">
      <Filter>头文件</Filter>
    </ClInclude>
    <ClInclude Include="src\base\render\gui\GUI.h">
      <Filter>头文件</Filter>
    </ClInclude>
    <ClInclude Include="src\utils\Wnd.h">
      <Filter>头文件</Filter>
    </ClInclude>
    <ClInclude Include="src\base\features\modules\combat\Velocity.h">
      <Filter>头文件</Filter>
    </ClInclude>
    <ClInclude Include="src\base\features\modules\combat\KillAura.h">
      <Filter>头文件</Filter>
    </ClInclude>
    <ClInclude Include="src\base\features\modules\player\FastPlace.h">
      <Filter>头文件</Filter>
    </ClInclude>
    <ClInclude Include="src\base\features\modules\player\Eagle.h">
      <Filter>头文件</Filter>
    </ClInclude>
    <ClInclude Include="src\base\features\modules\player\Team.h">
      <Filter>头文件</Filter>
    </ClInclude>
    <ClInclude Include="src\base\features\modules\player\AntiBot.h">
      <Filter>头文件</Filter>
    </ClInclude>
    <ClInclude Include="src\base\features\modules\visual\ESP.h">
      <Filter>头文件</Filter>
    </ClInclude>
    <ClInclude Include="src\base\features\modules\combat\AimAssist.h">
      <Filter>头文件</Filter>
    </ClInclude>
    <ClInclude Include="src\base\render\gui\clickgui\component\Component.hpp">
      <Filter>头文件</Filter>
    </ClInclude>
    <ClInclude Include="src\base\render\gui\clickgui\component\impl\PanelComponent.h">
      <Filter>头文件</Filter>
    </ClInclude>
    <ClInclude Include="src\base\render\gui\clickgui\NewClickGui.h">
      <Filter>头文件</Filter>
    </ClInclude>
    <ClInclude Include="src\base\features\modules\fight\AutoClicker.h">
      <Filter>头文件</Filter>
    </ClInclude>
    <ClInclude Include="src\utils\animation\Animation.hpp">
      <Filter>头文件</Filter>
    </ClInclude>
    <ClInclude Include="src\utils\animation\Easing.hpp">
      <Filter>头文件</Filter>
    </ClInclude>
    <ClInclude Include="src\utils\TimerUtil.hpp">
      <Filter>头文件</Filter>
    </ClInclude>
    <ClInclude Include="src\base\render\gui\clickgui\component\impl\ModuleComponent.h">
      <Filter>头文件</Filter>
    </ClInclude>
    <ClInclude Include="src\base\render\gui\clickgui\component\impl\settings\ValueComponent.h">
      <Filter>头文件</Filter>
    </ClInclude>
    <ClInclude Include="src\base\render\gui\clickgui\component\impl\settings\impl\BooleanValueComponent.h">
      <Filter>头文件</Filter>
    </ClInclude>
    <ClInclude Include="src\utils\Math.h">
      <Filter>头文件</Filter>
    </ClInclude>
    <ClInclude Include="src\base\render\gui\api\ScrollComponent.h">
      <Filter>头文件</Filter>
    </ClInclude>
    <ClInclude Include="src\utils\animation\simple\SimpleAnimation.h">
      <Filter>头文件</Filter>
    </ClInclude>
    <ClInclude Include="src\base\render\nano\font\NanoVGFontRenderer.h">
      <Filter>头文件</Filter>
    </ClInclude>
    <ClInclude Include="src\utils\Pattern.h">
      <Filter>头文件</Filter>
    </ClInclude>
    <ClInclude Include="src\base\cleaner\UnloadedModuleCleaner.h">
      <Filter>头文件</Filter>
    </ClInclude>
    <ClInclude Include="src\base\features\modules\combat\AutoClicker.h">
      <Filter>头文件</Filter>
    </ClInclude>
    <ClInclude Include="src\utils\Wstr.h">
      <Filter>头文件</Filter>
    </ClInclude>
    <ClInclude Include="src\base\render\nano\wrapper\gl2.h">
      <Filter>头文件</Filter>
    </ClInclude>
    <ClInclude Include="src\base\render\nano\wrapper\gl3.h">
      <Filter>头文件</Filter>
    </ClInclude>
    <ClInclude Include="src\base\sdk\wrapper\versions\1_18_1\net\minecraft\client\MInecraft.h">
      <Filter>头文件</Filter>
    </ClInclude>
    <ClInclude Include="src\base\sdk\wrapper\versions\1_18_1\net\minecraft\client\gui\screens\Screen.h">
      <Filter>头文件</Filter>
    </ClInclude>
    <ClInclude Include="src\base\sdk\wrapper\versions\1_18_1\net\minecraft\world\phys\HitResult.h">
      <Filter>头文件</Filter>
    </ClInclude>
    <ClInclude Include="src\base\sdk\wrapper\versions\1_18_1\net\minecraft\world\phys\Vec3.h">
      <Filter>头文件</Filter>
    </ClInclude>
    <ClInclude Include="src\base\sdk\wrapper\versions\1_18_1\net\minecraft\world\phys\HitResult$Type.h">
      <Filter>头文件</Filter>
    </ClInclude>
    <ClInclude Include="src\base\sdk\wrapper\net\minecraft\util\MovingObjectPosition.h">
      <Filter>头文件</Filter>
    </ClInclude>
    <ClInclude Include="src\base\sdk\wrapper\Object.h">
      <Filter>头文件</Filter>
    </ClInclude>
    <ClInclude Include="src\base\features\modules\combat\TriggerBot.h">
      <Filter>头文件</Filter>
    </ClInclude>
    <ClInclude Include="src\base\sdk\mapper\resources\maps\forge1201.h">
      <Filter>头文件</Filter>
    </ClInclude>
    <ClInclude Include="src\base\sdk\wrapper\versions\1_18_1\net\minecraft\client\multiplayer\ClientLevel.h">
      <Filter>头文件</Filter>
    </ClInclude>
    <ClInclude Include="src\base\sdk\jdk\Classes.h">
      <Filter>头文件</Filter>
    </ClInclude>
    <ClInclude Include="src\base\sdk\wrapper\versions\1_18_1\net\minecraft\client\player\LocalPlayer.h">
      <Filter>头文件</Filter>
    </ClInclude>
    <ClInclude Include="src\base\sdk\wrapper\versions\1_18_1\net\minecraft\world\entity\LivingEntity.h">
      <Filter>头文件</Filter>
    </ClInclude>
    <ClInclude Include="src\base\sdk\wrapper\versions\1_18_1\net\minecraft\client\player\AbstractClientPlayer.h">
      <Filter>头文件</Filter>
    </ClInclude>
    <ClInclude Include="src\base\sdk\wrapper\versions\1_18_1\net\minecraft\world\entity\player\Player.h">
      <Filter>头文件</Filter>
    </ClInclude>
    <ClInclude Include="src\base\sdk\wrapper\net\minecraft\world\World.h">
      <Filter>头文件</Filter>
    </ClInclude>
    <ClInclude Include="src\base\sdk\wrapper\net\minecraft\entity\Entity.h">
      <Filter>头文件</Filter>
    </ClInclude>
    <ClInclude Include="src\base\sdk\wrapper\net\minecraft\entity\player\EntityPlayer.h">
      <Filter>头文件</Filter>
    </ClInclude>
    <ClInclude Include="src\base\sdk\wrapper\net\minecraft\entity\EntityLivingBase.h">
      <Filter>头文件</Filter>
    </ClInclude>
    <ClInclude Include="src\base\sdk\wrapper\net\minecraft\client\entity\EntityPlayerSP.h">
      <Filter>头文件</Filter>
    </ClInclude>
    <ClInclude Include="src\base\sdk\wrapper\versions\1_18_1\net\minecraft\world\InteractionHand.h">
      <Filter>头文件</Filter>
    </ClInclude>
    <ClInclude Include="src\base\sdk\wrapper\java\lang\String.h">
      <Filter>头文件</Filter>
    </ClInclude>
    <ClInclude Include="src\base\sdk\wrapper\versions\1_18_1\net\minecraft\core\BlockPos.h">
      <Filter>头文件</Filter>
    </ClInclude>
    <ClInclude Include="src\base\jvm\hotspot\classes\array.h">
      <Filter>头文件</Filter>
    </ClInclude>
    <ClInclude Include="src\base\jvm\hotspot\classes\bytecode.h">
      <Filter>头文件</Filter>
    </ClInclude>
    <ClInclude Include="src\base\jvm\hotspot\classes\const_pool.h">
      <Filter>头文件</Filter>
    </ClInclude>
    <ClInclude Include="src\base\jvm\hotspot\classes\field_info.h">
      <Filter>头文件</Filter>
    </ClInclude>
    <ClInclude Include="src\base\jvm\hotspot\classes\java_thread.h">
      <Filter>头文件</Filter>
    </ClInclude>
    <ClInclude Include="src\base\jvm\hotspot\classes\klass.h">
      <Filter>头文件</Filter>
    </ClInclude>
    <ClInclude Include="src\base\jvm\hotspot\classes\method.h">
      <Filter>头文件</Filter>
    </ClInclude>
    <ClInclude Include="src\base\jvm\hotspot\classes\symbol.h">
      <Filter>头文件</Filter>
    </ClInclude>
    <ClInclude Include="src\base\jvm\hotspot\utility\jvm_internal.h">
      <Filter>头文件</Filter>
    </ClInclude>
    <ClInclude Include="src\base\jvm\hotspot\utility\jvm_static.h">
      <Filter>头文件</Filter>
    </ClInclude>
    <ClInclude Include="src\base\jvm\hotspot\utility\memory_utility.h">
      <Filter>头文件</Filter>
    </ClInclude>
    <ClInclude Include="src\base\jvm\hotspot\utility\vm_helper.h">
      <Filter>头文件</Filter>
    </ClInclude>
    <ClInclude Include="src\base\jvm\hotspot\include_header.h">
      <Filter>头文件</Filter>
    </ClInclude>
    <ClInclude Include="src\base\jvm\hotspot\magic_enum.hpp">
      <Filter>头文件</Filter>
    </ClInclude>
    <ClInclude Include="src\base\jvm\hotspot\java_hook.h">
      <Filter>头文件</Filter>
    </ClInclude>
    <ClInclude Include="src\base\jvm\hotspot\break\break_point_info.h">
      <Filter>头文件</Filter>
    </ClInclude>
    <ClInclude Include="src\base\jvm\hotspot\break\byte_code_info.h">
      <Filter>头文件</Filter>
    </ClInclude>
    <ClInclude Include="src\base\jvm\hotspot\break\jvm_break_points.h">
      <Filter>头文件</Filter>
    </ClInclude>
    <ClInclude Include="src\base\sdk\wrapper\versions\1_18_1\net\minecraft\client\renderer\ClientRenderer.h">
      <Filter>头文件</Filter>
    </ClInclude>
    <ClInclude Include="src\base\sdk\wrapper\versions\1_18_1\com\mojang\blaze3d\vertex\PoseStack.h">
      <Filter>头文件</Filter>
    </ClInclude>
    <ClInclude Include="src\base\jvm\hotspot\classes\compile_task.h">
      <Filter>头文件</Filter>
    </ClInclude>
    <ClInclude Include="src\base\GitInfo.h">
      <Filter>头文件</Filter>
    </ClInclude>
    <ClInclude Include="src\base\jvm\hotspot\classes\local_variable_table.h">
      <Filter>头文件</Filter>
    </ClInclude>
    <ClInclude Include="src\base\sdk\wrapper\versions\1_18_1\com\mojang\math\Matrix4f.h">
      <Filter>头文件</Filter>
    </ClInclude>
    <ClInclude Include="ext\xorstr.hpp">
      <Filter>头文件</Filter>
    </ClInclude>
    <ClInclude Include="src\base\sdk\wrapper\versions\1_18_1\com\mojang\blaze3d\vertex\PoseStack$Pose.h">
      <Filter>头文件</Filter>
    </ClInclude>
    <ClInclude Include="src\base\sdk\wrapper\versions\1_18_1\net\minecraft\client\Camera.h">
      <Filter>头文件</Filter>
    </ClInclude>
    <ClInclude Include="src\base\sdk\wrapper\versions\1_18_1\com\mojang\blaze3d\platform\Window.h">
      <Filter>头文件</Filter>
    </ClInclude>
    <ClInclude Include="src\base\sdk\hook\hooks\RenderSystemHook.h">
      <Filter>头文件</Filter>
    </ClInclude>
    <ClInclude Include="src\base\sdk\wrapper\versions\1_18_1\net\minecraft\network\chat\Component.h">
      <Filter>头文件</Filter>
    </ClInclude>
    <ClInclude Include="src\base\sdk\wrapper\versions\1_18_1\net\minecraft\world\entity\Entity.h">
      <Filter>头文件</Filter>
    </ClInclude>
    <ClInclude Include="src\base\features\modules\visual\NameTag.h">
      <Filter>头文件</Filter>
    </ClInclude>
    <ClInclude Include="ext\StackWalk\StackWalker.h">
      <Filter>头文件</Filter>
    </ClInclude>
    <ClInclude Include="src\base\sdk\wrapper\versions\1_18_1\net\minecraft\world\phys\Vec2.h">
      <Filter>头文件</Filter>
    </ClInclude>
    <ClInclude Include="src\base\features\modules\common\CommonData.h">
      <Filter>头文件</Filter>
    </ClInclude>
    <ClInclude Include="src\base\sdk\wrapper\versions\1_18_1\net\minecraft\client\Options.h">
      <Filter>头文件</Filter>
    </ClInclude>
    <ClInclude Include="src\base\sdk\wrapper\net\minecraft\client\settings\GameSettings.h">
      <Filter>头文件</Filter>
    </ClInclude>
  </ItemGroup>
  <ItemGroup>
    <ClInclude Include="src\base\render\gui\input\IOEvents.h">
      <Filter>头文件</Filter>
    </ClInclude>
  </ItemGroup>
  <ItemGroup>
    <None Include="src\base\sdk\mapper\resources\maps\forge1201.srg" />
  </ItemGroup>
  <ItemGroup>
    <MASM Include="src\base\jvm\hotspot\utility\getter.asm">
      <Filter>源文件</Filter>
    </MASM>
  </ItemGroup>
</Project>