<?xml version="1.0" encoding="utf-8"?>
<Project ToolsVersion="4.0" xmlns="http://schemas.microsoft.com/developer/msbuild/2003">
  <ItemGroup>
    <Filter Include="源文件">
      <UniqueIdentifier>{4FC737F1-C7A5-4376-A066-2A32D752A2FF}</UniqueIdentifier>
      <Extensions>cpp;c;cc;cxx;c++;cppm;ixx;def;odl;idl;hpj;bat;asm;asmx</Extensions>
    </Filter>
    <Filter Include="头文件">
      <UniqueIdentifier>{93995380-89BD-4b04-88EB-625FBE52EBFB}</UniqueIdentifier>
      <Extensions>h;hh;hpp;hxx;h++;hm;inl;inc;ipp;xsd</Extensions>
    </Filter>
    <Filter Include="资源文件">
      <UniqueIdentifier>{67DA6AB6-F800-4c08-8B7A-83BB121AAD01}</UniqueIdentifier>
      <Extensions>rc;ico;cur;bmp;dlg;rc2;rct;bin;rgs;gif;jpg;jpeg;jpe;resx;tiff;tif;png;wav;mfcribbon-ms</Extensions>
    </Filter>
  </ItemGroup>
  <ItemGroup>
    <ClCompile Include="src\Main.cpp">
      <Filter>源文件</Filter>
    </ClCompile>
    <ClCompile Include="src\Bootstrap.cpp">
      <Filter>源文件</Filter>
    </ClCompile>
    <ClCompile Include="src\base\Younkoo.cpp">
      <Filter>源文件</Filter>
    </ClCompile>
    <ClCompile Include="src\utils\Singleton.hpp">
      <Filter>源文件</Filter>
    </ClCompile>
    <ClCompile Include="src\utils\Structs.hpp">
      <Filter>源文件</Filter>
    </ClCompile>
    <ClCompile Include="src\utils\Misc.cpp">
      <Filter>源文件</Filter>
    </ClCompile>
    <ClCompile Include="src\base\jvm\JVM.cpp">
      <Filter>源文件</Filter>
    </ClCompile>
    <ClCompile Include="src\base\jvm\jni\Wrapper.hpp">
      <Filter>源文件</Filter>
    </ClCompile>
    <ClCompile Include="src\base\sdk\Mappings.hpp">
      <Filter>源文件</Filter>
    </ClCompile>
    <ClCompile Include="src\base\jvm\jni\types\ObjectWrapper.hpp">
      <Filter>头文件</Filter>
    </ClCompile>
    <ClCompile Include="src\base\jvm\jni\types\Array.hpp">
      <Filter>头文件</Filter>
    </ClCompile>
    <ClCompile Include="src\base\jvm\jni\types\Env.hpp">
      <Filter>头文件</Filter>
    </ClCompile>
    <ClCompile Include="src\base\jvm\jni\types\Field.hpp">
      <Filter>头文件</Filter>
    </ClCompile>
    <ClCompile Include="src\base\jvm\jni\types\Klass.hpp">
      <Filter>头文件</Filter>
    </ClCompile>
    <ClCompile Include="src\base\jvm\jni\types\Method.hpp">
      <Filter>头文件</Filter>
    </ClCompile>
    <ClCompile Include="src\base\jvm\jni\types\Misc.hpp">
      <Filter>头文件</Filter>
    </ClCompile>
    <ClCompile Include="src\base\render\hooks\OpenGLHook.cpp">
      <Filter>源文件</Filter>
    </ClCompile>
    <ClCompile Include="src\base\render\Renderer.cpp">
      <Filter>源文件</Filter>
    </ClCompile>
    <ClCompile Include="ext\nanovg\nanovg.c">
      <Filter>源文件</Filter>
    </ClCompile>
    <ClCompile Include="src\base\render\hooks\WndProcHook.cpp">
      <Filter>源文件</Filter>
    </ClCompile>
    <ClCompile Include="src\base\render\nano\NanovgHelper.cpp">
      <Filter>源文件</Filter>
    </ClCompile>
    <ClCompile Include="src\base\features\modules\ModuleManager.cpp">
      <Filter>源文件</Filter>
    </ClCompile>
    <ClCompile Include="src\base\features\modules\AbstractModule.cpp">
      <Filter>源文件</Filter>
    </ClCompile>
    <ClCompile Include="src\base\render\gui\input\Context.cpp">
      <Filter>源文件</Filter>
    </ClCompile>
    <ClCompile Include="src\base\render\gui\GUI.cpp">
      <Filter>源文件</Filter>
    </ClCompile>
    <ClCompile Include="src\base\render\gui\input\IOEvents.cpp">
      <Filter>源文件</Filter>
    </ClCompile>
    <ClCompile Include="src\base\sdk\mapper\SRGParser.cpp">
      <Filter>源文件</Filter>
    </ClCompile>
    <ClCompile Include="src\base\features\modules\visual\HUD.cpp">
      <Filter>源文件</Filter>
    </ClCompile>
  </ItemGroup>
  <ItemGroup>
    <ClInclude Include="src\Main.hpp">
      <Filter>头文件</Filter>
    </ClInclude>
    <ClInclude Include="src\base\Younkoo.hpp">
      <Filter>头文件</Filter>
    </ClInclude>
    <ClInclude Include="src\utils\Misc.hpp">
      <Filter>头文件</Filter>
    </ClInclude>
    <ClInclude Include="src\base\jvm\JVM.hpp">
      <Filter>头文件</Filter>
    </ClInclude>
    <ClInclude Include="src\base\render\hooks\OpenGLHook.hpp">
      <Filter>头文件</Filter>
    </ClInclude>
    <ClInclude Include="ext\nanovg\nanovg.h">
      <Filter>头文件</Filter>
    </ClInclude>
    <ClInclude Include="ext\nanovg\nanovg_gl.h">
      <Filter>头文件</Filter>
    </ClInclude>
    <ClInclude Include="ext\nanovg\nanovg_gl_utils.h">
      <Filter>头文件</Filter>
    </ClInclude>
    <ClInclude Include="ext\titan_hook.h">
      <Filter>头文件</Filter>
    </ClInclude>
    <ClInclude Include="src\base\render\Renderer.hpp">
      <Filter>头文件</Filter>
    </ClInclude>
    <ClInclude Include="ext\lazy_importer.hpp">
      <Filter>头文件</Filter>
    </ClInclude>
    <ClInclude Include="ext\nanovg\fontstash.h">
      <Filter>头文件</Filter>
    </ClInclude>
    <ClInclude Include="ext\nanovg\stb_image.h">
      <Filter>头文件</Filter>
    </ClInclude>
    <ClInclude Include="ext\nanovg\stb_truetype.h">
      <Filter>头文件</Filter>
    </ClInclude>
    <ClInclude Include="src\base\render\hooks\WndProcHook.hpp">
      <Filter>头文件</Filter>
    </ClInclude>
    <ClInclude Include="src\base\render\nano\NanovgHelper.hpp">
      <Filter>头文件</Filter>
    </ClInclude>
    <ClInclude Include="src\base\features\modules\ModuleManager.hpp">
      <Filter>头文件</Filter>
    </ClInclude>
    <ClInclude Include="src\base\features\modules\AbstractModule.h">
      <Filter>头文件</Filter>
    </ClInclude>
    <ClInclude Include="src\base\features\values\Value.h">
      <Filter>头文件</Filter>
    </ClInclude>
    <ClInclude Include="src\base\render\gui\input\Context.hpp">
      <Filter>头文件</Filter>
    </ClInclude>
    <ClInclude Include="src\utils\types\Maths.hpp">
      <Filter>头文件</Filter>
    </ClInclude>
    <ClInclude Include="src\base\render\resources\fonts\harmony_sc_light.h">
      <Filter>头文件</Filter>
    </ClInclude>
    <ClInclude Include="src\base\render\gui\GUI.h">
      <Filter>头文件</Filter>
    </ClInclude>
    <ClInclude Include="src\base\render\resources\fonts\harmony_sc_regular.h">
      <Filter>头文件</Filter>
    </ClInclude>
    <ClInclude Include="src\base\sdk\mapper\resources\maps\forge189.h">
      <Filter>头文件</Filter>
    </ClInclude>
    <ClInclude Include="src\base\sdk\mapper\resources\maps\forge1181.h">
      <Filter>头文件</Filter>
    </ClInclude>
    <ClInclude Include="src\base\sdk\mapper\resources\maps\vanilla189.h">
      <Filter>头文件</Filter>
    </ClInclude>
    <ClInclude Include="src\base\sdk\mapper\SRGParser.h">
      <Filter>头文件</Filter>
    </ClInclude>
    <ClInclude Include="src\base\sdk\Mapper\resources\maps\forge112.h">
      <Filter>头文件</Filter>
    </ClInclude>
    <ClInclude Include="src\base\sdk\Mapper\resources\maps\vanilla112.h">
      <Filter>头文件</Filter>
    </ClInclude>
    <ClInclude Include="src\base\features\modules\visual\HUD.h">
      <Filter>头文件</Filter>
    </ClInclude>
    <ClInclude Include="src\base\features\modules\ModuleManager.h">
      <Filter>头文件</Filter>
    </ClInclude>
    <ClInclude Include="src\base\event\EventBus.hpp">
      <Filter>头文件</Filter>
    </ClInclude>
    <ClInclude Include="src\base\event\Events.h">
      <Filter>头文件</Filter>
    </ClInclude>
    <ClInclude Include="src\utils\function_traits.hpp">
      <Filter>头文件</Filter>
    </ClInclude>
  </ItemGroup>
  <ItemGroup>
    <ClInclude Include="src\base\render\gui\input\IOEvents.h">
      <Filter>头文件</Filter>
    </ClInclude>
  </ItemGroup>
</Project>